// !$*UTF8*$!
{
	archiveVersion = 1;
	classes = {
	};
	objectVersion = 46;
	objects = {

/* Begin PBXBuildFile section */
		9C429FF01EF67BCD0031E65C /* LazyTableView_HeaderFooter.swift in Sources */ = {isa = PBXBuildFile; fileRef = 9C429FEF1EF67BCC0031E65C /* LazyTableView_HeaderFooter.swift */; };
		9C60680E1EF52E9900681583 /* AppDelegate.swift in Sources */ = {isa = PBXBuildFile; fileRef = 9C60680D1EF52E9900681583 /* AppDelegate.swift */; };
		9C6068101EF52E9900681583 /* ViewController.swift in Sources */ = {isa = PBXBuildFile; fileRef = 9C60680F1EF52E9900681583 /* ViewController.swift */; };
		9C6068131EF52E9900681583 /* Main.storyboard in Resources */ = {isa = PBXBuildFile; fileRef = 9C6068111EF52E9900681583 /* Main.storyboard */; };
		9C6068151EF52E9900681583 /* Assets.xcassets in Resources */ = {isa = PBXBuildFile; fileRef = 9C6068141EF52E9900681583 /* Assets.xcassets */; };
		9C6068181EF52E9900681583 /* LaunchScreen.storyboard in Resources */ = {isa = PBXBuildFile; fileRef = 9C6068161EF52E9900681583 /* LaunchScreen.storyboard */; };
		9C6068251EF5308800681583 /* LazyTableView.swift in Sources */ = {isa = PBXBuildFile; fileRef = 9C6068211EF5308800681583 /* LazyTableView.swift */; };
		9C6068261EF5308800681583 /* LazyTableView_Cell.swift in Sources */ = {isa = PBXBuildFile; fileRef = 9C6068221EF5308800681583 /* LazyTableView_Cell.swift */; };
		9C6068271EF5308800681583 /* LazyTableView_Default_Data.swift in Sources */ = {isa = PBXBuildFile; fileRef = 9C6068231EF5308800681583 /* LazyTableView_Default_Data.swift */; };
		9C6068281EF5308800681583 /* LazyTableView_Model.swift in Sources */ = {isa = PBXBuildFile; fileRef = 9C6068241EF5308800681583 /* LazyTableView_Model.swift */; };
/* End PBXBuildFile section */

/* Begin PBXFileReference section */
		9C429FEF1EF67BCC0031E65C /* LazyTableView_HeaderFooter.swift */ = {isa = PBXFileReference; fileEncoding = 4; lastKnownFileType = sourcecode.swift; path = LazyTableView_HeaderFooter.swift; sourceTree = "<group>"; };
		9C60680A1EF52E9900681583 /* LazyTableView.app */ = {isa = PBXFileReference; explicitFileType = wrapper.application; includeInIndex = 0; path = LazyTableView.app; sourceTree = BUILT_PRODUCTS_DIR; };
		9C60680D1EF52E9900681583 /* AppDelegate.swift */ = {isa = PBXFileReference; lastKnownFileType = sourcecode.swift; path = AppDelegate.swift; sourceTree = "<group>"; };
		9C60680F1EF52E9900681583 /* ViewController.swift */ = {isa = PBXFileReference; lastKnownFileType = sourcecode.swift; path = ViewController.swift; sourceTree = "<group>"; };
		9C6068121EF52E9900681583 /* Base */ = {isa = PBXFileReference; lastKnownFileType = file.storyboard; name = Base; path = Base.lproj/Main.storyboard; sourceTree = "<group>"; };
		9C6068141EF52E9900681583 /* Assets.xcassets */ = {isa = PBXFileReference; lastKnownFileType = folder.assetcatalog; path = Assets.xcassets; sourceTree = "<group>"; };
		9C6068171EF52E9900681583 /* Base */ = {isa = PBXFileReference; lastKnownFileType = file.storyboard; name = Base; path = Base.lproj/LaunchScreen.storyboard; sourceTree = "<group>"; };
		9C6068191EF52E9900681583 /* Info.plist */ = {isa = PBXFileReference; lastKnownFileType = text.plist.xml; path = Info.plist; sourceTree = "<group>"; };
		9C6068211EF5308800681583 /* LazyTableView.swift */ = {isa = PBXFileReference; fileEncoding = 4; lastKnownFileType = sourcecode.swift; path = LazyTableView.swift; sourceTree = "<group>"; };
		9C6068221EF5308800681583 /* LazyTableView_Cell.swift */ = {isa = PBXFileReference; fileEncoding = 4; lastKnownFileType = sourcecode.swift; path = LazyTableView_Cell.swift; sourceTree = "<group>"; };
		9C6068231EF5308800681583 /* LazyTableView_Default_Data.swift */ = {isa = PBXFileReference; fileEncoding = 4; lastKnownFileType = sourcecode.swift; path = LazyTableView_Default_Data.swift; sourceTree = "<group>"; };
		9C6068241EF5308800681583 /* LazyTableView_Model.swift */ = {isa = PBXFileReference; fileEncoding = 4; lastKnownFileType = sourcecode.swift; path = LazyTableView_Model.swift; sourceTree = "<group>"; };
/* End PBXFileReference section */

/* Begin PBXFrameworksBuildPhase section */
		9C6068071EF52E9900681583 /* Frameworks */ = {
			isa = PBXFrameworksBuildPhase;
			buildActionMask = 2147483647;
			files = (
			);
			runOnlyForDeploymentPostprocessing = 0;
		};
/* End PBXFrameworksBuildPhase section */

/* Begin PBXGroup section */
		9C6068011EF52E9900681583 = {
			isa = PBXGroup;
			children = (
				9C60680C1EF52E9900681583 /* LazyTableView */,
				9C60680B1EF52E9900681583 /* Products */,
			);
			sourceTree = "<group>";
		};
		9C60680B1EF52E9900681583 /* Products */ = {
			isa = PBXGroup;
			children = (
				9C60680A1EF52E9900681583 /* LazyTableView.app */,
			);
			name = Products;
			sourceTree = "<group>";
		};
		9C60680C1EF52E9900681583 /* LazyTableView */ = {
			isa = PBXGroup;
			children = (
				9C60681F1EF52EAA00681583 /* Project */,
				9C6068201EF5308800681583 /* LazyTable */,
				9C60680F1EF52E9900681583 /* ViewController.swift */,
				9C6068111EF52E9900681583 /* Main.storyboard */,
			);
			path = LazyTableView;
			sourceTree = "<group>";
		};
		9C60681F1EF52EAA00681583 /* Project */ = {
			isa = PBXGroup;
			children = (
				9C60680D1EF52E9900681583 /* AppDelegate.swift */,
				9C6068141EF52E9900681583 /* Assets.xcassets */,
				9C6068161EF52E9900681583 /* LaunchScreen.storyboard */,
				9C6068191EF52E9900681583 /* Info.plist */,
			);
			name = Project;
			sourceTree = "<group>";
		};
		9C6068201EF5308800681583 /* LazyTable */ = {
			isa = PBXGroup;
			children = (
				9C6068211EF5308800681583 /* LazyTableView.swift */,
				9C6068221EF5308800681583 /* LazyTableView_Cell.swift */,
				9C429FEF1EF67BCC0031E65C /* LazyTableView_HeaderFooter.swift */,
				9C6068241EF5308800681583 /* LazyTableView_Model.swift */,
				9C6068231EF5308800681583 /* LazyTableView_Default_Data.swift */,
			);
			path = LazyTable;
			sourceTree = SOURCE_ROOT;
		};
/* End PBXGroup section */

/* Begin PBXNativeTarget section */
		9C6068091EF52E9900681583 /* LazyTableView */ = {
			isa = PBXNativeTarget;
			buildConfigurationList = 9C60681C1EF52E9900681583 /* Build configuration list for PBXNativeTarget "LazyTableView" */;
			buildPhases = (
				9C6068061EF52E9900681583 /* Sources */,
				9C6068071EF52E9900681583 /* Frameworks */,
				9C6068081EF52E9900681583 /* Resources */,
			);
			buildRules = (
			);
			dependencies = (
			);
			name = LazyTableView;
			productName = LazyTableView;
			productReference = 9C60680A1EF52E9900681583 /* LazyTableView.app */;
			productType = "com.apple.product-type.application";
		};
/* End PBXNativeTarget section */

/* Begin PBXProject section */
		9C6068021EF52E9900681583 /* Project object */ = {
			isa = PBXProject;
			attributes = {
				LastSwiftUpdateCheck = 0830;
				LastUpgradeCheck = 0830;
				ORGANIZATIONNAME = Myron;
				TargetAttributes = {
					9C6068091EF52E9900681583 = {
						CreatedOnToolsVersion = 8.3.3;
						DevelopmentTeam = 9X2EVZ736U;
						ProvisioningStyle = Automatic;
					};
				};
			};
			buildConfigurationList = 9C6068051EF52E9900681583 /* Build configuration list for PBXProject "LazyTableView" */;
			compatibilityVersion = "Xcode 3.2";
			developmentRegion = English;
			hasScannedForEncodings = 0;
			knownRegions = (
				en,
				Base,
			);
			mainGroup = 9C6068011EF52E9900681583;
			productRefGroup = 9C60680B1EF52E9900681583 /* Products */;
			projectDirPath = "";
			projectRoot = "";
			targets = (
				9C6068091EF52E9900681583 /* LazyTableView */,
			);
		};
/* End PBXProject section */

/* Begin PBXResourcesBuildPhase section */
		9C6068081EF52E9900681583 /* Resources */ = {
			isa = PBXResourcesBuildPhase;
			buildActionMask = 2147483647;
			files = (
				9C6068181EF52E9900681583 /* LaunchScreen.storyboard in Resources */,
				9C6068151EF52E9900681583 /* Assets.xcassets in Resources */,
				9C6068131EF52E9900681583 /* Main.storyboard in Resources */,
			);
			runOnlyForDeploymentPostprocessing = 0;
		};
/* End PBXResourcesBuildPhase section */

/* Begin PBXSourcesBuildPhase section */
		9C6068061EF52E9900681583 /* Sources */ = {
			isa = PBXSourcesBuildPhase;
			buildActionMask = 2147483647;
			files = (
				9C6068101EF52E9900681583 /* ViewController.swift in Sources */,
				9C6068281EF5308800681583 /* LazyTableView_Model.swift in Sources */,
				9C429FF01EF67BCD0031E65C /* LazyTableView_HeaderFooter.swift in Sources */,
				9C6068261EF5308800681583 /* LazyTableView_Cell.swift in Sources */,
				9C6068251EF5308800681583 /* LazyTableView.swift in Sources */,
				9C6068271EF5308800681583 /* LazyTableView_Default_Data.swift in Sources */,
				9C60680E1EF52E9900681583 /* AppDelegate.swift in Sources */,
			);
			runOnlyForDeploymentPostprocessing = 0;
		};
/* End PBXSourcesBuildPhase section */

/* Begin PBXVariantGroup section */
		9C6068111EF52E9900681583 /* Main.storyboard */ = {
			isa = PBXVariantGroup;
			children = (
				9C6068121EF52E9900681583 /* Base */,
			);
			name = Main.storyboard;
			sourceTree = "<group>";
		};
		9C6068161EF52E9900681583 /* LaunchScreen.storyboard */ = {
			isa = PBXVariantGroup;
			children = (
				9C6068171EF52E9900681583 /* Base */,
			);
			name = LaunchScreen.storyboard;
			sourceTree = "<group>";
		};
/* End PBXVariantGroup section */

/* Begin XCBuildConfiguration section */
		9C60681A1EF52E9900681583 /* Debug */ = {
			isa = XCBuildConfiguration;
			buildSettings = {
				ALWAYS_SEARCH_USER_PATHS = NO;
				CLANG_ANALYZER_NONNULL = YES;
				CLANG_ANALYZER_NUMBER_OBJECT_CONVERSION = YES_AGGRESSIVE;
				CLANG_CXX_LANGUAGE_STANDARD = "gnu++0x";
				CLANG_CXX_LIBRARY = "libc++";
				CLANG_ENABLE_MODULES = YES;
				CLANG_ENABLE_OBJC_ARC = YES;
				CLANG_WARN_BOOL_CONVERSION = YES;
				CLANG_WARN_CONSTANT_CONVERSION = YES;
				CLANG_WARN_DIRECT_OBJC_ISA_USAGE = YES_ERROR;
				CLANG_WARN_DOCUMENTATION_COMMENTS = YES;
				CLANG_WARN_EMPTY_BODY = YES;
				CLANG_WARN_ENUM_CONVERSION = YES;
				CLANG_WARN_INFINITE_RECURSION = YES;
				CLANG_WARN_INT_CONVERSION = YES;
				CLANG_WARN_OBJC_ROOT_CLASS = YES_ERROR;
				CLANG_WARN_SUSPICIOUS_MOVE = YES;
				CLANG_WARN_UNREACHABLE_CODE = YES;
				CLANG_WARN__DUPLICATE_METHOD_MATCH = YES;
				"CODE_SIGN_IDENTITY[sdk=iphoneos*]" = "iPhone Developer";
				COPY_PHASE_STRIP = NO;
				DEBUG_INFORMATION_FORMAT = dwarf;
				ENABLE_STRICT_OBJC_MSGSEND = YES;
				ENABLE_TESTABILITY = YES;
				GCC_C_LANGUAGE_STANDARD = gnu99;
				GCC_DYNAMIC_NO_PIC = NO;
				GCC_NO_COMMON_BLOCKS = YES;
				GCC_OPTIMIZATION_LEVEL = 0;
				GCC_PREPROCESSOR_DEFINITIONS = (
					"DEBUG=1",
					"$(inherited)",
				);
				GCC_WARN_64_TO_32_BIT_CONVERSION = YES;
				GCC_WARN_ABOUT_RETURN_TYPE = YES_ERROR;
				GCC_WARN_UNDECLARED_SELECTOR = YES;
				GCC_WARN_UNINITIALIZED_AUTOS = YES_AGGRESSIVE;
				GCC_WARN_UNUSED_FUNCTION = YES;
				GCC_WARN_UNUSED_VARIABLE = YES;
				IPHONEOS_DEPLOYMENT_TARGET = 10.3;
				MTL_ENABLE_DEBUG_INFO = YES;
				ONLY_ACTIVE_ARCH = YES;
				SDKROOT = iphoneos;
				SWIFT_ACTIVE_COMPILATION_CONDITIONS = DEBUG;
				SWIFT_OPTIMIZATION_LEVEL = "-Onone";
				TARGETED_DEVICE_FAMILY = "1,2";
			};
			name = Debug;
		};
		9C60681B1EF52E9900681583 /* Release */ = {
			isa = XCBuildConfiguration;
			buildSettings = {
				ALWAYS_SEARCH_USER_PATHS = NO;
				CLANG_ANALYZER_NONNULL = YES;
				CLANG_ANALYZER_NUMBER_OBJECT_CONVERSION = YES_AGGRESSIVE;
				CLANG_CXX_LANGUAGE_STANDARD = "gnu++0x";
				CLANG_CXX_LIBRARY = "libc++";
				CLANG_ENABLE_MODULES = YES;
				CLANG_ENABLE_OBJC_ARC = YES;
				CLANG_WARN_BOOL_CONVERSION = YES;
				CLANG_WARN_CONSTANT_CONVERSION = YES;
				CLANG_WARN_DIRECT_OBJC_ISA_USAGE = YES_ERROR;
				CLANG_WARN_DOCUMENTATION_COMMENTS = YES;
				CLANG_WARN_EMPTY_BODY = YES;
				CLANG_WARN_ENUM_CONVERSION = YES;
				CLANG_WARN_INFINITE_RECURSION = YES;
				CLANG_WARN_INT_CONVERSION = YES;
				CLANG_WARN_OBJC_ROOT_CLASS = YES_ERROR;
				CLANG_WARN_SUSPICIOUS_MOVE = YES;
				CLANG_WARN_UNREACHABLE_CODE = YES;
				CLANG_WARN__DUPLICATE_METHOD_MATCH = YES;
				"CODE_SIGN_IDENTITY[sdk=iphoneos*]" = "iPhone Developer";
				COPY_PHASE_STRIP = NO;
				DEBUG_INFORMATION_FORMAT = "dwarf-with-dsym";
				ENABLE_NS_ASSERTIONS = NO;
				ENABLE_STRICT_OBJC_MSGSEND = YES;
				GCC_C_LANGUAGE_STANDARD = gnu99;
				GCC_NO_COMMON_BLOCKS = YES;
				GCC_WARN_64_TO_32_BIT_CONVERSION = YES;
				GCC_WARN_ABOUT_RETURN_TYPE = YES_ERROR;
				GCC_WARN_UNDECLARED_SELECTOR = YES;
				GCC_WARN_UNINITIALIZED_AUTOS = YES_AGGRESSIVE;
				GCC_WARN_UNUSED_FUNCTION = YES;
				GCC_WARN_UNUSED_VARIABLE = YES;
				IPHONEOS_DEPLOYMENT_TARGET = 10.3;
				MTL_ENABLE_DEBUG_INFO = NO;
				SDKROOT = iphoneos;
				SWIFT_OPTIMIZATION_LEVEL = "-Owholemodule";
				TARGETED_DEVICE_FAMILY = "1,2";
				VALIDATE_PRODUCT = YES;
			};
			name = Release;
		};
		9C60681D1EF52E9900681583 /* Debug */ = {
			isa = XCBuildConfiguration;
			buildSettings = {
				ASSETCATALOG_COMPILER_APPICON_NAME = AppIcon;
				DEVELOPMENT_TEAM = 9X2EVZ736U;
				INFOPLIST_FILE = LazyTableView/Info.plist;
				LD_RUNPATH_SEARCH_PATHS = "$(inherited) @executable_path/Frameworks";
				PRODUCT_BUNDLE_IDENTIFIER = myron.LazyTableView;
				PRODUCT_NAME = "$(TARGET_NAME)";
				SWIFT_VERSION = 3.0;
			};
			name = Debug;
		};
		9C60681E1EF52E9900681583 /* Release */ = {
			isa = XCBuildConfiguration;
			buildSettings = {
				ASSETCATALOG_COMPILER_APPICON_NAME = AppIcon;
				DEVELOPMENT_TEAM = 9X2EVZ736U;
				INFOPLIST_FILE = LazyTableView/Info.plist;
				LD_RUNPATH_SEARCH_PATHS = "$(inherited) @executable_path/Frameworks";
				PRODUCT_BUNDLE_IDENTIFIER = myron.LazyTableView;
				PRODUCT_NAME = "$(TARGET_NAME)";
				SWIFT_VERSION = 3.0;
			};
			name = Release;
		};
/* End XCBuildConfiguration section */

/* Begin XCConfigurationList section */
		9C6068051EF52E9900681583 /* Build configuration list for PBXProject "LazyTableView" */ = {
			isa = XCConfigurationList;
			buildConfigurations = (
				9C60681A1EF52E9900681583 /* Debug */,
				9C60681B1EF52E9900681583 /* Release */,
			);
			defaultConfigurationIsVisible = 0;
			defaultConfigurationName = Release;
		};
		9C60681C1EF52E9900681583 /* Build configuration list for PBXNativeTarget "LazyTableView" */ = {
			isa = XCConfigurationList;
			buildConfigurations = (
				9C60681D1EF52E9900681583 /* Debug */,
				9C60681E1EF52E9900681583 /* Release */,
			);
			defaultConfigurationIsVisible = 0;
			defaultConfigurationName = Release;
		};
/* End XCConfigurationList section */
	};
	rootObject = 9C6068021EF52E9900681583 /* Project object */;
}
